
Microsoft Visual Studio Solution File, Format Version 12.00
# Visual Studio Version 17
VisualStudioVersion = 17.0.31903.59
MinimumVisualStudioVersion = 10.0.40219.1
Project("{FAE04EC0-301F-11D3-BF4B-00C04F79EFBC}") = "HmsnoorBackend", "HmsnoorBackend\HmsnoorBackend.csproj", "{B11588A9-2BEC-4CEA-9498-7CFA11F77F4D}"
EndProject
Project("{FAE04EC0-301F-11D3-BF4B-00C04F79EFBC}") = "HmsnoorBackend.UnitTests", "HmsnoorBackend.UnitTests\HmsnoorBackend.UnitTests.csproj", "{C64D95C1-47F6-44C1-BCC1-F0CAA7F286C5}"
EndProject
Global
	GlobalSection(SolutionConfigurationPlatforms) = preSolution
		Debug|Any CPU = Debug|Any CPU
		Release|Any CPU = Release|Any CPU
	EndGlobalSection
	GlobalSection(ProjectConfigurationPlatforms) = postSolution
		{B11588A9-2BEC-4CEA-9498-7CFA11F77F4D}.Debug|Any CPU.ActiveCfg = Debug|Any CPU
		{B11588A9-2BEC-4CEA-9498-7CFA11F77F4D}.Debug|Any CPU.Build.0 = Debug|Any CPU
		{B11588A9-2BEC-4CEA-9498-7CFA11F77F4D}.Release|Any CPU.ActiveCfg = Release|Any CPU
		{B11588A9-2BEC-4CEA-9498-7CFA11F77F4D}.Release|Any CPU.Build.0 = Release|Any CPU
		{C64D95C1-47F6-44C1-BCC1-F0CAA7F286C5}.Debug|Any CPU.ActiveCfg = Debug|Any CPU
		{C64D95C1-47F6-44C1-BCC1-F0CAA7F286C5}.Debug|Any CPU.Build.0 = Debug|Any CPU
		{C64D95C1-47F6-44C1-BCC1-F0CAA7F286C5}.Release|Any CPU.ActiveCfg = Release|Any CPU
		{C64D95C1-47F6-44C1-BCC1-F0CAA7F286C5}.Release|Any CPU.Build.0 = Release|Any CPU
	EndGlobalSection
	GlobalSection(SolutionProperties) = preSolution
		HideSolutionNode = FALSE
	EndGlobalSection
EndGlobal
